
Microsoft Visual Studio Solution File, Format Version 10.00
# Visual C++ Express 2008
Project("{8BC9CEB8-8B4A-11D0-8D11-00A0C91BC942}") = "CrossSums", "CrossSums.vcproj", "{460759F6-C9D3-4255-823D-E3E6C1B4509B}"
EndProject
Global
	GlobalSection(SolutionConfigurationPlatforms) = preSolution
		Debug|Win32 = Debug|Win32
		Release|Win32 = Release|Win32
	EndGlobalSection
	GlobalSection(ProjectConfigurationPlatforms) = postSolution
		{460759F6-C9D3-4255-823D-E3E6C1B4509B}.Debug|Win32.ActiveCfg = Debug|Win32
		{460759F6-C9D3-4255-823D-E3E6C1B4509B}.Debug|Win32.Build.0 = Debug|Win32
		{460759F6-C9D3-4255-823D-E3E6C1B4509B}.Release|Win32.ActiveCfg = Release|Win32
		{460759F6-C9D3-4255-823D-E3E6C1B4509B}.Release|Win32.Build.0 = Release|Win32
	EndGlobalSection
	GlobalSection(SolutionProperties) = preSolution
		HideSolutionNode = FALSE
	EndGlobalSection
EndGlobal
